
Microsoft Visual Studio Solution File, Format Version 12.00
Project("{FAE04EC0-301F-11D3-BF4B-00C04F79EFBC}") = "IKnowBetter", "IKnowBetter\IKnowBetter.csproj", "{464FB562-3CC8-458C-8F7F-4CBBF9090D6E}"
EndProject
Project("{FAE04EC0-301F-11D3-BF4B-00C04F79EFBC}") = "IKnowBetterTestClassLibrary", "IKnowBetterTestClassLibrary\IKnowBetterTestClassLibrary.csproj", "{14CFFCD2-A39D-4FAF-8E8A-BA37F88FEB25}"
EndProject
Project("{FAE04EC0-301F-11D3-BF4B-00C04F79EFBC}") = "IKnowBetterDemo", "IKnowBetterDemo\IKnowBetterDemo.csproj", "{93C9EEC4-5731-43E3-B617-5A269ACE9CB4}"
EndProject
Project("{FAE04EC0-301F-11D3-BF4B-00C04F79EFBC}") = "IKnowBetter.CLI", "IKnowBetter.CLI\IKnowBetter.CLI.csproj", "{E3EA4805-ACA6-445D-A93E-536CE084015B}"
EndProject
Global
	GlobalSection(SolutionConfigurationPlatforms) = preSolution
		Debug|Any CPU = Debug|Any CPU
		Release|Any CPU = Release|Any CPU
	EndGlobalSection
	GlobalSection(ProjectConfigurationPlatforms) = postSolution
		{464FB562-3CC8-458C-8F7F-4CBBF9090D6E}.Debug|Any CPU.ActiveCfg = Debug|Any CPU
		{464FB562-3CC8-458C-8F7F-4CBBF9090D6E}.Debug|Any CPU.Build.0 = Debug|Any CPU
		{464FB562-3CC8-458C-8F7F-4CBBF9090D6E}.Release|Any CPU.ActiveCfg = Release|Any CPU
		{464FB562-3CC8-458C-8F7F-4CBBF9090D6E}.Release|Any CPU.Build.0 = Release|Any CPU
		{14CFFCD2-A39D-4FAF-8E8A-BA37F88FEB25}.Debug|Any CPU.ActiveCfg = Debug|Any CPU
		{14CFFCD2-A39D-4FAF-8E8A-BA37F88FEB25}.Debug|Any CPU.Build.0 = Debug|Any CPU
		{14CFFCD2-A39D-4FAF-8E8A-BA37F88FEB25}.Release|Any CPU.ActiveCfg = Release|Any CPU
		{14CFFCD2-A39D-4FAF-8E8A-BA37F88FEB25}.Release|Any CPU.Build.0 = Release|Any CPU
		{93C9EEC4-5731-43E3-B617-5A269ACE9CB4}.Debug|Any CPU.ActiveCfg = Debug|Any CPU
		{93C9EEC4-5731-43E3-B617-5A269ACE9CB4}.Debug|Any CPU.Build.0 = Debug|Any CPU
		{93C9EEC4-5731-43E3-B617-5A269ACE9CB4}.Release|Any CPU.ActiveCfg = Release|Any CPU
		{93C9EEC4-5731-43E3-B617-5A269ACE9CB4}.Release|Any CPU.Build.0 = Release|Any CPU
		{E3EA4805-ACA6-445D-A93E-536CE084015B}.Debug|Any CPU.ActiveCfg = Debug|Any CPU
		{E3EA4805-ACA6-445D-A93E-536CE084015B}.Debug|Any CPU.Build.0 = Debug|Any CPU
		{E3EA4805-ACA6-445D-A93E-536CE084015B}.Release|Any CPU.ActiveCfg = Release|Any CPU
		{E3EA4805-ACA6-445D-A93E-536CE084015B}.Release|Any CPU.Build.0 = Release|Any CPU
	EndGlobalSection
EndGlobal
